// !$*UTF8*$!
{
	archiveVersion = 1;
	classes = {
	};
	objectVersion = 50;
	objects = {

/* Begin PBXBuildFile section */
		8061B77F22EFD9890059176F /* Colors.xcassets in Resources */ = {isa = PBXBuildFile; fileRef = 8061B77E22EFD9890059176F /* Colors.xcassets */; };
		8061B78722EFDCBB0059176F /* Login.storyboard in Resources */ = {isa = PBXBuildFile; fileRef = 8061B78622EFDCBB0059176F /* Login.storyboard */; };
		8061B78922EFDE490059176F /* LoginViewController.swift in Sources */ = {isa = PBXBuildFile; fileRef = 8061B78822EFDE490059176F /* LoginViewController.swift */; };
		80BAC92D22F0DE35005D8F0D /* SearchViewController.swift in Sources */ = {isa = PBXBuildFile; fileRef = 80BAC92C22F0DE35005D8F0D /* SearchViewController.swift */; };
		80BAC93122F0F177005D8F0D /* EmptyState.xib in Resources */ = {isa = PBXBuildFile; fileRef = 80BAC93022F0F177005D8F0D /* EmptyState.xib */; };
		80BAC93322F0F677005D8F0D /* Details.storyboard in Resources */ = {isa = PBXBuildFile; fileRef = 80BAC93222F0F677005D8F0D /* Details.storyboard */; };
		80D4ED4022FCAB26000FDAD1 /* ImageViewExtension.swift in Sources */ = {isa = PBXBuildFile; fileRef = 80D4ED3F22FCAB26000FDAD1 /* ImageViewExtension.swift */; };
		80D4ED4222FDD362000FDAD1 /* Episodes.xib in Resources */ = {isa = PBXBuildFile; fileRef = 80D4ED4122FDD362000FDAD1 /* Episodes.xib */; };
		80D4ED4422FDD65E000FDAD1 /* Actors.xib in Resources */ = {isa = PBXBuildFile; fileRef = 80D4ED4322FDD65E000FDAD1 /* Actors.xib */; };
		80D8320422D7B2DD0061646D /* AppDelegate.swift in Sources */ = {isa = PBXBuildFile; fileRef = 80D8320322D7B2DD0061646D /* AppDelegate.swift */; };
		80D8320E22D7B2DE0061646D /* LaunchScreen.storyboard in Resources */ = {isa = PBXBuildFile; fileRef = 80D8320C22D7B2DE0061646D /* LaunchScreen.storyboard */; };
		80DCF54D22F3BA6400B8C299 /* LoginViewModel.swift in Sources */ = {isa = PBXBuildFile; fileRef = 80DCF54C22F3BA6400B8C299 /* LoginViewModel.swift */; };
		80E2E15322EFE5B500CC3858 /* Assets.xcassets in Resources */ = {isa = PBXBuildFile; fileRef = 80E2E15222EFE5B500CC3858 /* Assets.xcassets */; };
		80E2E15522EFF80200CC3858 /* Search.storyboard in Resources */ = {isa = PBXBuildFile; fileRef = 80E2E15422EFF80200CC3858 /* Search.storyboard */; };
		A123C1C4B0AA633D3EB28AD9 /* Pods_Series.framework in Frameworks */ = {isa = PBXBuildFile; fileRef = CFFCDD32745D3BD6CCE5E3C4 /* Pods_Series.framework */; };
		F36A5AE422FA14DC0027F196 /* LoginService.swift in Sources */ = {isa = PBXBuildFile; fileRef = F36A5AE322FA14DC0027F196 /* LoginService.swift */; };
		F36A5AE722FA1D9C0027F196 /* Serie.swift in Sources */ = {isa = PBXBuildFile; fileRef = F36A5AE622FA1D9C0027F196 /* Serie.swift */; };
		F36A5AE922FA20AF0027F196 /* SeriesRequest.swift in Sources */ = {isa = PBXBuildFile; fileRef = F36A5AE822FA20AF0027F196 /* SeriesRequest.swift */; };
		F36A5AEB22FA219A0027F196 /* SeriesServices.swift in Sources */ = {isa = PBXBuildFile; fileRef = F36A5AEA22FA219A0027F196 /* SeriesServices.swift */; };
		F36A5AED22FB3AC70027F196 /* SearchViewModel.swift in Sources */ = {isa = PBXBuildFile; fileRef = F36A5AEC22FB3AC70027F196 /* SearchViewModel.swift */; };
		F36A5AF022FB4FF20027F196 /* CellSearchViewModel.swift in Sources */ = {isa = PBXBuildFile; fileRef = F36A5AEF22FB4FF20027F196 /* CellSearchViewModel.swift */; };
		F36A5AF222FCF4050027F196 /* DetailsViewController.swift in Sources */ = {isa = PBXBuildFile; fileRef = F36A5AF122FCF4050027F196 /* DetailsViewController.swift */; };
		F36A5AF422FCF8210027F196 /* Sinopsis.xib in Resources */ = {isa = PBXBuildFile; fileRef = F36A5AF322FCF8210027F196 /* Sinopsis.xib */; };
/* End PBXBuildFile section */

/* Begin PBXFileReference section */
		8061B77E22EFD9890059176F /* Colors.xcassets */ = {isa = PBXFileReference; lastKnownFileType = folder.assetcatalog; path = Colors.xcassets; sourceTree = "<group>"; };
		8061B78622EFDCBB0059176F /* Login.storyboard */ = {isa = PBXFileReference; lastKnownFileType = file.storyboard; path = Login.storyboard; sourceTree = "<group>"; };
		8061B78822EFDE490059176F /* LoginViewController.swift */ = {isa = PBXFileReference; lastKnownFileType = sourcecode.swift; path = LoginViewController.swift; sourceTree = "<group>"; };
		80BAC92C22F0DE35005D8F0D /* SearchViewController.swift */ = {isa = PBXFileReference; lastKnownFileType = sourcecode.swift; path = SearchViewController.swift; sourceTree = "<group>"; };
		80BAC93022F0F177005D8F0D /* EmptyState.xib */ = {isa = PBXFileReference; lastKnownFileType = file.xib; path = EmptyState.xib; sourceTree = "<group>"; };
		80BAC93222F0F677005D8F0D /* Details.storyboard */ = {isa = PBXFileReference; lastKnownFileType = file.storyboard; path = Details.storyboard; sourceTree = "<group>"; };
		80D4ED3F22FCAB26000FDAD1 /* ImageViewExtension.swift */ = {isa = PBXFileReference; lastKnownFileType = sourcecode.swift; path = ImageViewExtension.swift; sourceTree = "<group>"; };
		80D4ED4122FDD362000FDAD1 /* Episodes.xib */ = {isa = PBXFileReference; lastKnownFileType = file.xib; path = Episodes.xib; sourceTree = "<group>"; };
		80D4ED4322FDD65E000FDAD1 /* Actors.xib */ = {isa = PBXFileReference; lastKnownFileType = file.xib; path = Actors.xib; sourceTree = "<group>"; };
		80D8320022D7B2DD0061646D /* Series.app */ = {isa = PBXFileReference; explicitFileType = wrapper.application; includeInIndex = 0; path = Series.app; sourceTree = BUILT_PRODUCTS_DIR; };
		80D8320322D7B2DD0061646D /* AppDelegate.swift */ = {isa = PBXFileReference; lastKnownFileType = sourcecode.swift; path = AppDelegate.swift; sourceTree = "<group>"; };
		80D8320D22D7B2DE0061646D /* Base */ = {isa = PBXFileReference; lastKnownFileType = file.storyboard; name = Base; path = Base.lproj/LaunchScreen.storyboard; sourceTree = "<group>"; };
		80D8320F22D7B2DE0061646D /* Info.plist */ = {isa = PBXFileReference; lastKnownFileType = text.plist.xml; path = Info.plist; sourceTree = "<group>"; };
		80DCF54C22F3BA6400B8C299 /* LoginViewModel.swift */ = {isa = PBXFileReference; lastKnownFileType = sourcecode.swift; path = LoginViewModel.swift; sourceTree = "<group>"; };
		80E2E15222EFE5B500CC3858 /* Assets.xcassets */ = {isa = PBXFileReference; lastKnownFileType = folder.assetcatalog; path = Assets.xcassets; sourceTree = "<group>"; };
		80E2E15422EFF80200CC3858 /* Search.storyboard */ = {isa = PBXFileReference; lastKnownFileType = file.storyboard; path = Search.storyboard; sourceTree = "<group>"; };
		81634D35A239AF1DF31E75C3 /* Pods-Series.release.xcconfig */ = {isa = PBXFileReference; includeInIndex = 1; lastKnownFileType = text.xcconfig; name = "Pods-Series.release.xcconfig"; path = "Target Support Files/Pods-Series/Pods-Series.release.xcconfig"; sourceTree = "<group>"; };
		CFFCDD32745D3BD6CCE5E3C4 /* Pods_Series.framework */ = {isa = PBXFileReference; explicitFileType = wrapper.framework; includeInIndex = 0; path = Pods_Series.framework; sourceTree = BUILT_PRODUCTS_DIR; };
		F36A5AE322FA14DC0027F196 /* LoginService.swift */ = {isa = PBXFileReference; lastKnownFileType = sourcecode.swift; path = LoginService.swift; sourceTree = "<group>"; };
		F36A5AE622FA1D9C0027F196 /* Serie.swift */ = {isa = PBXFileReference; lastKnownFileType = sourcecode.swift; path = Serie.swift; sourceTree = "<group>"; };
		F36A5AE822FA20AF0027F196 /* SeriesRequest.swift */ = {isa = PBXFileReference; lastKnownFileType = sourcecode.swift; path = SeriesRequest.swift; sourceTree = "<group>"; };
		F36A5AEA22FA219A0027F196 /* SeriesServices.swift */ = {isa = PBXFileReference; lastKnownFileType = sourcecode.swift; path = SeriesServices.swift; sourceTree = "<group>"; };
		F36A5AEC22FB3AC70027F196 /* SearchViewModel.swift */ = {isa = PBXFileReference; lastKnownFileType = sourcecode.swift; path = SearchViewModel.swift; sourceTree = "<group>"; };
		F36A5AEF22FB4FF20027F196 /* CellSearchViewModel.swift */ = {isa = PBXFileReference; lastKnownFileType = sourcecode.swift; path = CellSearchViewModel.swift; sourceTree = "<group>"; };
		F36A5AF122FCF4050027F196 /* DetailsViewController.swift */ = {isa = PBXFileReference; lastKnownFileType = sourcecode.swift; path = DetailsViewController.swift; sourceTree = "<group>"; };
		F36A5AF322FCF8210027F196 /* Sinopsis.xib */ = {isa = PBXFileReference; lastKnownFileType = file.xib; path = Sinopsis.xib; sourceTree = "<group>"; };
		F4EA6DD68338AF2F0BB6606D /* Pods-Series.debug.xcconfig */ = {isa = PBXFileReference; includeInIndex = 1; lastKnownFileType = text.xcconfig; name = "Pods-Series.debug.xcconfig"; path = "Target Support Files/Pods-Series/Pods-Series.debug.xcconfig"; sourceTree = "<group>"; };
/* End PBXFileReference section */

/* Begin PBXFrameworksBuildPhase section */
		80D831FD22D7B2DD0061646D /* Frameworks */ = {
			isa = PBXFrameworksBuildPhase;
			buildActionMask = 2147483647;
			files = (
				A123C1C4B0AA633D3EB28AD9 /* Pods_Series.framework in Frameworks */,
			);
			runOnlyForDeploymentPostprocessing = 0;
		};
/* End PBXFrameworksBuildPhase section */

/* Begin PBXGroup section */
		159AA2BCB8F8DF7618C50274 /* Frameworks */ = {
			isa = PBXGroup;
			children = (
				CFFCDD32745D3BD6CCE5E3C4 /* Pods_Series.framework */,
			);
			name = Frameworks;
			sourceTree = "<group>";
		};
		8061B77B22EFD9060059176F /* Resources */ = {
			isa = PBXGroup;
			children = (
				8061B77D22EFD9280059176F /* Colors */,
				8061B77C22EFD91A0059176F /* Images */,
			);
			path = Resources;
			sourceTree = "<group>";
		};
		8061B77C22EFD91A0059176F /* Images */ = {
			isa = PBXGroup;
			children = (
				80E2E15222EFE5B500CC3858 /* Assets.xcassets */,
			);
			path = Images;
			sourceTree = "<group>";
		};
		8061B77D22EFD9280059176F /* Colors */ = {
			isa = PBXGroup;
			children = (
				8061B77E22EFD9890059176F /* Colors.xcassets */,
			);
			path = Colors;
			sourceTree = "<group>";
		};
		8061B78022EFD9CD0059176F /* Base */ = {
			isa = PBXGroup;
			children = (
				80D8320322D7B2DD0061646D /* AppDelegate.swift */,
				80D8320F22D7B2DE0061646D /* Info.plist */,
				80D8320C22D7B2DE0061646D /* LaunchScreen.storyboard */,
			);
			path = Base;
			sourceTree = "<group>";
		};
		8061B78122EFDA170059176F /* Application */ = {
			isa = PBXGroup;
			children = (
				8061B78222EFDA480059176F /* Main */,
			);
			path = Application;
			sourceTree = "<group>";
		};
		8061B78222EFDA480059176F /* Main */ = {
			isa = PBXGroup;
			children = (
				8061B78522EFDAB40059176F /* Details */,
				8061B78422EFDAA70059176F /* Search */,
				8061B78322EFDA510059176F /* Login */,
			);
			path = Main;
			sourceTree = "<group>";
		};
		8061B78322EFDA510059176F /* Login */ = {
			isa = PBXGroup;
			children = (
				8061B78622EFDCBB0059176F /* Login.storyboard */,
				8061B78822EFDE490059176F /* LoginViewController.swift */,
				80DCF54C22F3BA6400B8C299 /* LoginViewModel.swift */,
			);
			path = Login;
			sourceTree = "<group>";
		};
		8061B78422EFDAA70059176F /* Search */ = {
			isa = PBXGroup;
			children = (
				80E2E15422EFF80200CC3858 /* Search.storyboard */,
				80BAC92C22F0DE35005D8F0D /* SearchViewController.swift */,
				80BAC93022F0F177005D8F0D /* EmptyState.xib */,
				F36A5AEC22FB3AC70027F196 /* SearchViewModel.swift */,
				F36A5AEF22FB4FF20027F196 /* CellSearchViewModel.swift */,
			);
			path = Search;
			sourceTree = "<group>";
		};
		8061B78522EFDAB40059176F /* Details */ = {
			isa = PBXGroup;
			children = (
				80BAC93222F0F677005D8F0D /* Details.storyboard */,
				F36A5AF122FCF4050027F196 /* DetailsViewController.swift */,
				F36A5AF322FCF8210027F196 /* Sinopsis.xib */,
				80D4ED4122FDD362000FDAD1 /* Episodes.xib */,
				80D4ED4322FDD65E000FDAD1 /* Actors.xib */,
			);
			path = Details;
			sourceTree = "<group>";
		};
		80D4ED3E22FCAAF7000FDAD1 /* Extension */ = {
			isa = PBXGroup;
			children = (
				80D4ED3F22FCAB26000FDAD1 /* ImageViewExtension.swift */,
			);
			path = Extension;
			sourceTree = "<group>";
		};
		80D831F722D7B2DD0061646D = {
			isa = PBXGroup;
			children = (
				80D8320222D7B2DD0061646D /* Series */,
				80D8320122D7B2DD0061646D /* Products */,
				FC22823F6161315CABB383EB /* Pods */,
				159AA2BCB8F8DF7618C50274 /* Frameworks */,
			);
			sourceTree = "<group>";
		};
		80D8320122D7B2DD0061646D /* Products */ = {
			isa = PBXGroup;
			children = (
				80D8320022D7B2DD0061646D /* Series.app */,
			);
			name = Products;
			sourceTree = "<group>";
		};
		80D8320222D7B2DD0061646D /* Series */ = {
			isa = PBXGroup;
			children = (
				80D4ED3E22FCAAF7000FDAD1 /* Extension */,
				F36A5AE522FA1D800027F196 /* Models */,
				F36A5AE222FA14B70027F196 /* Services */,
				8061B78122EFDA170059176F /* Application */,
				8061B78022EFD9CD0059176F /* Base */,
				8061B77B22EFD9060059176F /* Resources */,
			);
			path = Series;
			sourceTree = "<group>";
		};
		F36A5AE222FA14B70027F196 /* Services */ = {
			isa = PBXGroup;
			children = (
				F36A5AE322FA14DC0027F196 /* LoginService.swift */,
				F36A5AEA22FA219A0027F196 /* SeriesServices.swift */,
			);
			path = Services;
			sourceTree = "<group>";
		};
		F36A5AE522FA1D800027F196 /* Models */ = {
			isa = PBXGroup;
			children = (
				F36A5AE622FA1D9C0027F196 /* Serie.swift */,
				F36A5AE822FA20AF0027F196 /* SeriesRequest.swift */,
			);
			path = Models;
			sourceTree = "<group>";
		};
		FC22823F6161315CABB383EB /* Pods */ = {
			isa = PBXGroup;
			children = (
				F4EA6DD68338AF2F0BB6606D /* Pods-Series.debug.xcconfig */,
				81634D35A239AF1DF31E75C3 /* Pods-Series.release.xcconfig */,
			);
			path = Pods;
			sourceTree = "<group>";
		};
/* End PBXGroup section */

/* Begin PBXNativeTarget section */
		80D831FF22D7B2DD0061646D /* Series */ = {
			isa = PBXNativeTarget;
			buildConfigurationList = 80D8321222D7B2DE0061646D /* Build configuration list for PBXNativeTarget "Series" */;
			buildPhases = (
				A20B4CB543C42CA43C74900C /* [CP] Check Pods Manifest.lock */,
				80D831FC22D7B2DD0061646D /* Sources */,
				80D831FD22D7B2DD0061646D /* Frameworks */,
				80D831FE22D7B2DD0061646D /* Resources */,
				887B72675C7BF7EC4BE7AB20 /* [CP] Embed Pods Frameworks */,
			);
			buildRules = (
			);
			dependencies = (
			);
			name = Series;
			productName = Series;
			productReference = 80D8320022D7B2DD0061646D /* Series.app */;
			productType = "com.apple.product-type.application";
		};
/* End PBXNativeTarget section */

/* Begin PBXProject section */
		80D831F822D7B2DD0061646D /* Project object */ = {
			isa = PBXProject;
			attributes = {
				LastSwiftUpdateCheck = 1020;
				LastUpgradeCheck = 1020;
				ORGANIZATIONNAME = SalvadorKano;
				TargetAttributes = {
					80D831FF22D7B2DD0061646D = {
						CreatedOnToolsVersion = 10.2.1;
					};
				};
			};
			buildConfigurationList = 80D831FB22D7B2DD0061646D /* Build configuration list for PBXProject "Series" */;
			compatibilityVersion = "Xcode 9.3";
			developmentRegion = en;
			hasScannedForEncodings = 0;
			knownRegions = (
				en,
				Base,
			);
			mainGroup = 80D831F722D7B2DD0061646D;
			productRefGroup = 80D8320122D7B2DD0061646D /* Products */;
			projectDirPath = "";
			projectRoot = "";
			targets = (
				80D831FF22D7B2DD0061646D /* Series */,
			);
		};
/* End PBXProject section */

/* Begin PBXResourcesBuildPhase section */
		80D831FE22D7B2DD0061646D /* Resources */ = {
			isa = PBXResourcesBuildPhase;
			buildActionMask = 2147483647;
			files = (
				80D8320E22D7B2DE0061646D /* LaunchScreen.storyboard in Resources */,
				8061B77F22EFD9890059176F /* Colors.xcassets in Resources */,
				8061B78722EFDCBB0059176F /* Login.storyboard in Resources */,
				80D4ED4222FDD362000FDAD1 /* Episodes.xib in Resources */,
				80BAC93122F0F177005D8F0D /* EmptyState.xib in Resources */,
				80E2E15522EFF80200CC3858 /* Search.storyboard in Resources */,
				F36A5AF422FCF8210027F196 /* Sinopsis.xib in Resources */,
				80E2E15322EFE5B500CC3858 /* Assets.xcassets in Resources */,
				80BAC93322F0F677005D8F0D /* Details.storyboard in Resources */,
				80D4ED4422FDD65E000FDAD1 /* Actors.xib in Resources */,
			);
			runOnlyForDeploymentPostprocessing = 0;
		};
/* End PBXResourcesBuildPhase section */

/* Begin PBXShellScriptBuildPhase section */
		887B72675C7BF7EC4BE7AB20 /* [CP] Embed Pods Frameworks */ = {
			isa = PBXShellScriptBuildPhase;
			buildActionMask = 2147483647;
			files = (
			);
			inputFileListPaths = (
			);
			inputPaths = (
				"${PODS_ROOT}/Target Support Files/Pods-Series/Pods-Series-frameworks.sh",
				"${BUILT_PRODUCTS_DIR}/Alamofire/Alamofire.framework",
			);
			name = "[CP] Embed Pods Frameworks";
			outputFileListPaths = (
			);
			outputPaths = (
				"${TARGET_BUILD_DIR}/${FRAMEWORKS_FOLDER_PATH}/Alamofire.framework",
			);
			runOnlyForDeploymentPostprocessing = 0;
			shellPath = /bin/sh;
			shellScript = "\"${PODS_ROOT}/Target Support Files/Pods-Series/Pods-Series-frameworks.sh\"\n";
			showEnvVarsInLog = 0;
		};
		A20B4CB543C42CA43C74900C /* [CP] Check Pods Manifest.lock */ = {
			isa = PBXShellScriptBuildPhase;
			buildActionMask = 2147483647;
			files = (
			);
			inputFileListPaths = (
			);
			inputPaths = (
				"${PODS_PODFILE_DIR_PATH}/Podfile.lock",
				"${PODS_ROOT}/Manifest.lock",
			);
			name = "[CP] Check Pods Manifest.lock";
			outputFileListPaths = (
			);
			outputPaths = (
				"$(DERIVED_FILE_DIR)/Pods-Series-checkManifestLockResult.txt",
			);
			runOnlyForDeploymentPostprocessing = 0;
			shellPath = /bin/sh;
			shellScript = "diff \"${PODS_PODFILE_DIR_PATH}/Podfile.lock\" \"${PODS_ROOT}/Manifest.lock\" > /dev/null\nif [ $? != 0 ] ; then\n    # print error to STDERR\n    echo \"error: The sandbox is not in sync with the Podfile.lock. Run 'pod install' or update your CocoaPods installation.\" >&2\n    exit 1\nfi\n# This output is used by Xcode 'outputs' to avoid re-running this script phase.\necho \"SUCCESS\" > \"${SCRIPT_OUTPUT_FILE_0}\"\n";
			showEnvVarsInLog = 0;
		};
/* End PBXShellScriptBuildPhase section */

/* Begin PBXSourcesBuildPhase section */
		80D831FC22D7B2DD0061646D /* Sources */ = {
			isa = PBXSourcesBuildPhase;
			buildActionMask = 2147483647;
			files = (
				F36A5AF022FB4FF20027F196 /* CellSearchViewModel.swift in Sources */,
				80BAC92D22F0DE35005D8F0D /* SearchViewController.swift in Sources */,
				80D8320422D7B2DD0061646D /* AppDelegate.swift in Sources */,
				F36A5AE722FA1D9C0027F196 /* Serie.swift in Sources */,
				F36A5AE422FA14DC0027F196 /* LoginService.swift in Sources */,
				80D4ED4022FCAB26000FDAD1 /* ImageViewExtension.swift in Sources */,
				8061B78922EFDE490059176F /* LoginViewController.swift in Sources */,
				80DCF54D22F3BA6400B8C299 /* LoginViewModel.swift in Sources */,
				F36A5AED22FB3AC70027F196 /* SearchViewModel.swift in Sources */,
				F36A5AEB22FA219A0027F196 /* SeriesServices.swift in Sources */,
				F36A5AE922FA20AF0027F196 /* SeriesRequest.swift in Sources */,
				F36A5AF222FCF4050027F196 /* DetailsViewController.swift in Sources */,
			);
			runOnlyForDeploymentPostprocessing = 0;
		};
/* End PBXSourcesBuildPhase section */

/* Begin PBXVariantGroup section */
		80D8320C22D7B2DE0061646D /* LaunchScreen.storyboard */ = {
			isa = PBXVariantGroup;
			children = (
				80D8320D22D7B2DE0061646D /* Base */,
			);
			name = LaunchScreen.storyboard;
			sourceTree = "<group>";
		};
/* End PBXVariantGroup section */

/* Begin XCBuildConfiguration section */
		80D8321022D7B2DE0061646D /* Debug */ = {
			isa = XCBuildConfiguration;
			buildSettings = {
				ALWAYS_SEARCH_USER_PATHS = NO;
				CLANG_ANALYZER_NONNULL = YES;
				CLANG_ANALYZER_NUMBER_OBJECT_CONVERSION = YES_AGGRESSIVE;
				CLANG_CXX_LANGUAGE_STANDARD = "gnu++14";
				CLANG_CXX_LIBRARY = "libc++";
				CLANG_ENABLE_MODULES = YES;
				CLANG_ENABLE_OBJC_ARC = YES;
				CLANG_ENABLE_OBJC_WEAK = YES;
				CLANG_WARN_BLOCK_CAPTURE_AUTORELEASING = YES;
				CLANG_WARN_BOOL_CONVERSION = YES;
				CLANG_WARN_COMMA = YES;
				CLANG_WARN_CONSTANT_CONVERSION = YES;
				CLANG_WARN_DEPRECATED_OBJC_IMPLEMENTATIONS = YES;
				CLANG_WARN_DIRECT_OBJC_ISA_USAGE = YES_ERROR;
				CLANG_WARN_DOCUMENTATION_COMMENTS = YES;
				CLANG_WARN_EMPTY_BODY = YES;
				CLANG_WARN_ENUM_CONVERSION = YES;
				CLANG_WARN_INFINITE_RECURSION = YES;
				CLANG_WARN_INT_CONVERSION = YES;
				CLANG_WARN_NON_LITERAL_NULL_CONVERSION = YES;
				CLANG_WARN_OBJC_IMPLICIT_RETAIN_SELF = YES;
				CLANG_WARN_OBJC_LITERAL_CONVERSION = YES;
				CLANG_WARN_OBJC_ROOT_CLASS = YES_ERROR;
				CLANG_WARN_RANGE_LOOP_ANALYSIS = YES;
				CLANG_WARN_STRICT_PROTOTYPES = YES;
				CLANG_WARN_SUSPICIOUS_MOVE = YES;
				CLANG_WARN_UNGUARDED_AVAILABILITY = YES_AGGRESSIVE;
				CLANG_WARN_UNREACHABLE_CODE = YES;
				CLANG_WARN__DUPLICATE_METHOD_MATCH = YES;
				CODE_SIGN_IDENTITY = "iPhone Developer";
				COPY_PHASE_STRIP = NO;
				DEBUG_INFORMATION_FORMAT = dwarf;
				ENABLE_STRICT_OBJC_MSGSEND = YES;
				ENABLE_TESTABILITY = YES;
				GCC_C_LANGUAGE_STANDARD = gnu11;
				GCC_DYNAMIC_NO_PIC = NO;
				GCC_NO_COMMON_BLOCKS = YES;
				GCC_OPTIMIZATION_LEVEL = 0;
				GCC_PREPROCESSOR_DEFINITIONS = (
					"DEBUG=1",
					"$(inherited)",
				);
				GCC_WARN_64_TO_32_BIT_CONVERSION = YES;
				GCC_WARN_ABOUT_RETURN_TYPE = YES_ERROR;
				GCC_WARN_UNDECLARED_SELECTOR = YES;
				GCC_WARN_UNINITIALIZED_AUTOS = YES_AGGRESSIVE;
				GCC_WARN_UNUSED_FUNCTION = YES;
				GCC_WARN_UNUSED_VARIABLE = YES;
				IPHONEOS_DEPLOYMENT_TARGET = 12.2;
				MTL_ENABLE_DEBUG_INFO = INCLUDE_SOURCE;
				MTL_FAST_MATH = YES;
				ONLY_ACTIVE_ARCH = YES;
				SDKROOT = iphoneos;
				SWIFT_ACTIVE_COMPILATION_CONDITIONS = DEBUG;
				SWIFT_OPTIMIZATION_LEVEL = "-Onone";
			};
			name = Debug;
		};
		80D8321122D7B2DE0061646D /* Release */ = {
			isa = XCBuildConfiguration;
			buildSettings = {
				ALWAYS_SEARCH_USER_PATHS = NO;
				CLANG_ANALYZER_NONNULL = YES;
				CLANG_ANALYZER_NUMBER_OBJECT_CONVERSION = YES_AGGRESSIVE;
				CLANG_CXX_LANGUAGE_STANDARD = "gnu++14";
				CLANG_CXX_LIBRARY = "libc++";
				CLANG_ENABLE_MODULES = YES;
				CLANG_ENABLE_OBJC_ARC = YES;
				CLANG_ENABLE_OBJC_WEAK = YES;
				CLANG_WARN_BLOCK_CAPTURE_AUTORELEASING = YES;
				CLANG_WARN_BOOL_CONVERSION = YES;
				CLANG_WARN_COMMA = YES;
				CLANG_WARN_CONSTANT_CONVERSION = YES;
				CLANG_WARN_DEPRECATED_OBJC_IMPLEMENTATIONS = YES;
				CLANG_WARN_DIRECT_OBJC_ISA_USAGE = YES_ERROR;
				CLANG_WARN_DOCUMENTATION_COMMENTS = YES;
				CLANG_WARN_EMPTY_BODY = YES;
				CLANG_WARN_ENUM_CONVERSION = YES;
				CLANG_WARN_INFINITE_RECURSION = YES;
				CLANG_WARN_INT_CONVERSION = YES;
				CLANG_WARN_NON_LITERAL_NULL_CONVERSION = YES;
				CLANG_WARN_OBJC_IMPLICIT_RETAIN_SELF = YES;
				CLANG_WARN_OBJC_LITERAL_CONVERSION = YES;
				CLANG_WARN_OBJC_ROOT_CLASS = YES_ERROR;
				CLANG_WARN_RANGE_LOOP_ANALYSIS = YES;
				CLANG_WARN_STRICT_PROTOTYPES = YES;
				CLANG_WARN_SUSPICIOUS_MOVE = YES;
				CLANG_WARN_UNGUARDED_AVAILABILITY = YES_AGGRESSIVE;
				CLANG_WARN_UNREACHABLE_CODE = YES;
				CLANG_WARN__DUPLICATE_METHOD_MATCH = YES;
				CODE_SIGN_IDENTITY = "iPhone Developer";
				COPY_PHASE_STRIP = NO;
				DEBUG_INFORMATION_FORMAT = "dwarf-with-dsym";
				ENABLE_NS_ASSERTIONS = NO;
				ENABLE_STRICT_OBJC_MSGSEND = YES;
				GCC_C_LANGUAGE_STANDARD = gnu11;
				GCC_NO_COMMON_BLOCKS = YES;
				GCC_WARN_64_TO_32_BIT_CONVERSION = YES;
				GCC_WARN_ABOUT_RETURN_TYPE = YES_ERROR;
				GCC_WARN_UNDECLARED_SELECTOR = YES;
				GCC_WARN_UNINITIALIZED_AUTOS = YES_AGGRESSIVE;
				GCC_WARN_UNUSED_FUNCTION = YES;
				GCC_WARN_UNUSED_VARIABLE = YES;
				IPHONEOS_DEPLOYMENT_TARGET = 12.2;
				MTL_ENABLE_DEBUG_INFO = NO;
				MTL_FAST_MATH = YES;
				SDKROOT = iphoneos;
				SWIFT_COMPILATION_MODE = wholemodule;
				SWIFT_OPTIMIZATION_LEVEL = "-O";
				VALIDATE_PRODUCT = YES;
			};
			name = Release;
		};
		80D8321322D7B2DE0061646D /* Debug */ = {
			isa = XCBuildConfiguration;
			baseConfigurationReference = F4EA6DD68338AF2F0BB6606D /* Pods-Series.debug.xcconfig */;
			buildSettings = {
				ASSETCATALOG_COMPILER_APPICON_NAME = AppIcon;
				CODE_SIGN_STYLE = Automatic;
				DEVELOPMENT_TEAM = B9RM2UFBZV;
				INFOPLIST_FILE = "$(SRCROOT)/Series/Base/Info.plist";
				IPHONEOS_DEPLOYMENT_TARGET = 11.0;
				LD_RUNPATH_SEARCH_PATHS = (
					"$(inherited)",
					"@executable_path/Frameworks",
				);
				PRODUCT_BUNDLE_IDENTIFIER = com.aplicacionesKano.Series;
				PRODUCT_NAME = "$(TARGET_NAME)";
				SWIFT_VERSION = 5.0;
				TARGETED_DEVICE_FAMILY = 1;
			};
			name = Debug;
		};
		80D8321422D7B2DE0061646D /* Release */ = {
			isa = XCBuildConfiguration;
			baseConfigurationReference = 81634D35A239AF1DF31E75C3 /* Pods-Series.release.xcconfig */;
			buildSettings = {
				ASSETCATALOG_COMPILER_APPICON_NAME = AppIcon;
				CODE_SIGN_STYLE = Automatic;
				DEVELOPMENT_TEAM = B9RM2UFBZV;
				INFOPLIST_FILE = "$(SRCROOT)/Series/Base/Info.plist";
				IPHONEOS_DEPLOYMENT_TARGET = 11.0;
				LD_RUNPATH_SEARCH_PATHS = (
					"$(inherited)",
					"@executable_path/Frameworks",
				);
				PRODUCT_BUNDLE_IDENTIFIER = com.aplicacionesKano.Series;
				PRODUCT_NAME = "$(TARGET_NAME)";
				SWIFT_VERSION = 5.0;
				TARGETED_DEVICE_FAMILY = 1;
			};
			name = Release;
		};
/* End XCBuildConfiguration section */

/* Begin XCConfigurationList section */
		80D831FB22D7B2DD0061646D /* Build configuration list for PBXProject "Series" */ = {
			isa = XCConfigurationList;
			buildConfigurations = (
				80D8321022D7B2DE0061646D /* Debug */,
				80D8321122D7B2DE0061646D /* Release */,
			);
			defaultConfigurationIsVisible = 0;
			defaultConfigurationName = Release;
		};
		80D8321222D7B2DE0061646D /* Build configuration list for PBXNativeTarget "Series" */ = {
			isa = XCConfigurationList;
			buildConfigurations = (
				80D8321322D7B2DE0061646D /* Debug */,
				80D8321422D7B2DE0061646D /* Release */,
			);
			defaultConfigurationIsVisible = 0;
			defaultConfigurationName = Release;
		};
/* End XCConfigurationList section */
	};
	rootObject = 80D831F822D7B2DD0061646D /* Project object */;
}
